
Microsoft Visual Studio Solution File, Format Version 12.00
# Visual Studio 15
VisualStudioVersion = 15.0.26403.3
MinimumVisualStudioVersion = 10.0.40219.1
Project("{FAE04EC0-301F-11D3-BF4B-00C04F79EFBC}") = "VariablesSample", "ConsoleApp1\VariablesSample.csproj", "{F9BFA8BA-FC4C-4565-A6DD-1E724A13A837}"
EndProject
Project("{FAE04EC0-301F-11D3-BF4B-00C04F79EFBC}") = "VariableScopeSample", "VariableScopeSample\VariableScopeSample.csproj", "{89562A8A-3100-4D2B-ADBE-3276ACCF73CF}"
EndProject
Project("{FAE04EC0-301F-11D3-BF4B-00C04F79EFBC}") = "VariableScopeSample2", "VariableScopeSample2\VariableScopeSample2.csproj", "{B8ADF2A8-93C4-41F5-B916-0DCD232BD9E4}"
EndProject
Project("{FAE04EC0-301F-11D3-BF4B-00C04F79EFBC}") = "VariableScopeSample3", "VariableScopeSample3\VariableScopeSample3.csproj", "{853440D1-BA9C-4DDB-BA42-3342319C2EED}"
EndProject
Global
	GlobalSection(SolutionConfigurationPlatforms) = preSolution
		Debug|Any CPU = Debug|Any CPU
		Release|Any CPU = Release|Any CPU
	EndGlobalSection
	GlobalSection(ProjectConfigurationPlatforms) = postSolution
		{F9BFA8BA-FC4C-4565-A6DD-1E724A13A837}.Debug|Any CPU.ActiveCfg = Debug|Any CPU
		{F9BFA8BA-FC4C-4565-A6DD-1E724A13A837}.Debug|Any CPU.Build.0 = Debug|Any CPU
		{F9BFA8BA-FC4C-4565-A6DD-1E724A13A837}.Release|Any CPU.ActiveCfg = Release|Any CPU
		{F9BFA8BA-FC4C-4565-A6DD-1E724A13A837}.Release|Any CPU.Build.0 = Release|Any CPU
		{89562A8A-3100-4D2B-ADBE-3276ACCF73CF}.Debug|Any CPU.ActiveCfg = Debug|Any CPU
		{89562A8A-3100-4D2B-ADBE-3276ACCF73CF}.Debug|Any CPU.Build.0 = Debug|Any CPU
		{89562A8A-3100-4D2B-ADBE-3276ACCF73CF}.Release|Any CPU.ActiveCfg = Release|Any CPU
		{89562A8A-3100-4D2B-ADBE-3276ACCF73CF}.Release|Any CPU.Build.0 = Release|Any CPU
		{B8ADF2A8-93C4-41F5-B916-0DCD232BD9E4}.Debug|Any CPU.ActiveCfg = Debug|Any CPU
		{B8ADF2A8-93C4-41F5-B916-0DCD232BD9E4}.Debug|Any CPU.Build.0 = Debug|Any CPU
		{B8ADF2A8-93C4-41F5-B916-0DCD232BD9E4}.Release|Any CPU.ActiveCfg = Release|Any CPU
		{B8ADF2A8-93C4-41F5-B916-0DCD232BD9E4}.Release|Any CPU.Build.0 = Release|Any CPU
		{853440D1-BA9C-4DDB-BA42-3342319C2EED}.Debug|Any CPU.ActiveCfg = Debug|Any CPU
		{853440D1-BA9C-4DDB-BA42-3342319C2EED}.Debug|Any CPU.Build.0 = Debug|Any CPU
		{853440D1-BA9C-4DDB-BA42-3342319C2EED}.Release|Any CPU.ActiveCfg = Release|Any CPU
		{853440D1-BA9C-4DDB-BA42-3342319C2EED}.Release|Any CPU.Build.0 = Release|Any CPU
	EndGlobalSection
	GlobalSection(SolutionProperties) = preSolution
		HideSolutionNode = FALSE
	EndGlobalSection
EndGlobal
